// !$*UTF8*$!
{
	archiveVersion = 1;
	classes = {
	};
	objectVersion = 48;
	objects = {

/* Begin PBXBuildFile section */
		1D69D6A51FA3065D008BAB70 /* AppDelegate.swift in Sources */ = {isa = PBXBuildFile; fileRef = 1D69D6A41FA3065D008BAB70 /* AppDelegate.swift */; };
		1D69D6A71FA3065D008BAB70 /* ViewController.swift in Sources */ = {isa = PBXBuildFile; fileRef = 1D69D6A61FA3065D008BAB70 /* ViewController.swift */; };
		1D69D6AA1FA3065D008BAB70 /* Main.storyboard in Resources */ = {isa = PBXBuildFile; fileRef = 1D69D6A81FA3065D008BAB70 /* Main.storyboard */; };
		1D69D6AC1FA3065D008BAB70 /* Assets.xcassets in Resources */ = {isa = PBXBuildFile; fileRef = 1D69D6AB1FA3065D008BAB70 /* Assets.xcassets */; };
		1D69D6AF1FA3065D008BAB70 /* LaunchScreen.storyboard in Resources */ = {isa = PBXBuildFile; fileRef = 1D69D6AD1FA3065D008BAB70 /* LaunchScreen.storyboard */; };
/* End PBXBuildFile section */

/* Begin PBXFileReference section */
		1D69D6A11FA3065D008BAB70 /* SafeArea.app */ = {isa = PBXFileReference; explicitFileType = wrapper.application; includeInIndex = 0; path = SafeArea.app; sourceTree = BUILT_PRODUCTS_DIR; };
		1D69D6A41FA3065D008BAB70 /* AppDelegate.swift */ = {isa = PBXFileReference; lastKnownFileType = sourcecode.swift; path = AppDelegate.swift; sourceTree = "<group>"; };
		1D69D6A61FA3065D008BAB70 /* ViewController.swift */ = {isa = PBXFileReference; lastKnownFileType = sourcecode.swift; path = ViewController.swift; sourceTree = "<group>"; };
		1D69D6A91FA3065D008BAB70 /* Base */ = {isa = PBXFileReference; lastKnownFileType = file.storyboard; name = Base; path = Base.lproj/Main.storyboard; sourceTree = "<group>"; };
		1D69D6AB1FA3065D008BAB70 /* Assets.xcassets */ = {isa = PBXFileReference; lastKnownFileType = folder.assetcatalog; path = Assets.xcassets; sourceTree = "<group>"; };
		1D69D6AE1FA3065D008BAB70 /* Base */ = {isa = PBXFileReference; lastKnownFileType = file.storyboard; name = Base; path = Base.lproj/LaunchScreen.storyboard; sourceTree = "<group>"; };
		1D69D6B01FA3065D008BAB70 /* Info.plist */ = {isa = PBXFileReference; lastKnownFileType = text.plist.xml; path = Info.plist; sourceTree = "<group>"; };
/* End PBXFileReference section */

/* Begin PBXFrameworksBuildPhase section */
		1D69D69E1FA3065D008BAB70 /* Frameworks */ = {
			isa = PBXFrameworksBuildPhase;
			buildActionMask = 2147483647;
			files = (
			);
			runOnlyForDeploymentPostprocessing = 0;
		};
/* End PBXFrameworksBuildPhase section */

/* Begin PBXGroup section */
		1D69D6981FA3065D008BAB70 = {
			isa = PBXGroup;
			children = (
				1D69D6A31FA3065D008BAB70 /* SafeArea */,
				1D69D6A21FA3065D008BAB70 /* Products */,
			);
			sourceTree = "<group>";
		};
		1D69D6A21FA3065D008BAB70 /* Products */ = {
			isa = PBXGroup;
			children = (
				1D69D6A11FA3065D008BAB70 /* SafeArea.app */,
			);
			name = Products;
			sourceTree = "<group>";
		};
		1D69D6A31FA3065D008BAB70 /* SafeArea */ = {
			isa = PBXGroup;
			children = (
				1D69D6A41FA3065D008BAB70 /* AppDelegate.swift */,
				1D69D6A61FA3065D008BAB70 /* ViewController.swift */,
				1D69D6A81FA3065D008BAB70 /* Main.storyboard */,
				1D69D6AB1FA3065D008BAB70 /* Assets.xcassets */,
				1D69D6AD1FA3065D008BAB70 /* LaunchScreen.storyboard */,
				1D69D6B01FA3065D008BAB70 /* Info.plist */,
			);
			path = SafeArea;
			sourceTree = "<group>";
		};
/* End PBXGroup section */

/* Begin PBXNativeTarget section */
		1D69D6A01FA3065D008BAB70 /* SafeArea */ = {
			isa = PBXNativeTarget;
			buildConfigurationList = 1D69D6B31FA3065D008BAB70 /* Build configuration list for PBXNativeTarget "SafeArea" */;
			buildPhases = (
				1D69D69D1FA3065D008BAB70 /* Sources */,
				1D69D69E1FA3065D008BAB70 /* Frameworks */,
				1D69D69F1FA3065D008BAB70 /* Resources */,
			);
			buildRules = (
			);
			dependencies = (
			);
			name = SafeArea;
			productName = SafeArea;
			productReference = 1D69D6A11FA3065D008BAB70 /* SafeArea.app */;
			productType = "com.apple.product-type.application";
		};
/* End PBXNativeTarget section */

/* Begin PBXProject section */
		1D69D6991FA3065D008BAB70 /* Project object */ = {
			isa = PBXProject;
			attributes = {
				LastSwiftUpdateCheck = 0900;
				LastUpgradeCheck = 0900;
				ORGANIZATIONNAME = Arpatech;
				TargetAttributes = {
					1D69D6A01FA3065D008BAB70 = {
						CreatedOnToolsVersion = 9.0;
						ProvisioningStyle = Automatic;
					};
				};
			};
			buildConfigurationList = 1D69D69C1FA3065D008BAB70 /* Build configuration list for PBXProject "SafeArea" */;
			compatibilityVersion = "Xcode 8.0";
			developmentRegion = en;
			hasScannedForEncodings = 0;
			knownRegions = (
				en,
				Base,
			);
			mainGroup = 1D69D6981FA3065D008BAB70;
			productRefGroup = 1D69D6A21FA3065D008BAB70 /* Products */;
			projectDirPath = "";
			projectRoot = "";
			targets = (
				1D69D6A01FA3065D008BAB70 /* SafeArea */,
			);
		};
/* End PBXProject section */

/* Begin PBXResourcesBuildPhase section */
		1D69D69F1FA3065D008BAB70 /* Resources */ = {
			isa = PBXResourcesBuildPhase;
			buildActionMask = 2147483647;
			files = (
				1D69D6AF1FA3065D008BAB70 /* LaunchScreen.storyboard in Resources */,
				1D69D6AC1FA3065D008BAB70 /* Assets.xcassets in Resources */,
				1D69D6AA1FA3065D008BAB70 /* Main.storyboard in Resources */,
			);
			runOnlyForDeploymentPostprocessing = 0;
		};
/* End PBXResourcesBuildPhase section */

/* Begin PBXSourcesBuildPhase section */
		1D69D69D1FA3065D008BAB70 /* Sources */ = {
			isa = PBXSourcesBuildPhase;
			buildActionMask = 2147483647;
			files = (
				1D69D6A71FA3065D008BAB70 /* ViewController.swift in Sources */,
				1D69D6A51FA3065D008BAB70 /* AppDelegate.swift in Sources */,
			);
			runOnlyForDeploymentPostprocessing = 0;
		};
/* End PBXSourcesBuildPhase section */

/* Begin PBXVariantGroup section */
		1D69D6A81FA3065D008BAB70 /* Main.storyboard */ = {
			isa = PBXVariantGroup;
			children = (
				1D69D6A91FA3065D008BAB70 /* Base */,
			);
			name = Main.storyboard;
			sourceTree = "<group>";
		};
		1D69D6AD1FA3065D008BAB70 /* LaunchScreen.storyboard */ = {
			isa = PBXVariantGroup;
			children = (
				1D69D6AE1FA3065D008BAB70 /* Base */,
			);
			name = LaunchScreen.storyboard;
			sourceTree = "<group>";
		};
/* End PBXVariantGroup section */

/* Begin XCBuildConfiguration section */
		1D69D6B11FA3065D008BAB70 /* Debug */ = {
			isa = XCBuildConfiguration;
			buildSettings = {
				ALWAYS_SEARCH_USER_PATHS = NO;
				CLANG_ANALYZER_NONNULL = YES;
				CLANG_ANALYZER_NUMBER_OBJECT_CONVERSION = YES_AGGRESSIVE;
				CLANG_CXX_LANGUAGE_STANDARD = "gnu++14";
				CLANG_CXX_LIBRARY = "libc++";
				CLANG_ENABLE_MODULES = YES;
				CLANG_ENABLE_OBJC_ARC = YES;
				CLANG_WARN_BLOCK_CAPTURE_AUTORELEASING = YES;
				CLANG_WARN_BOOL_CONVERSION = YES;
				CLANG_WARN_COMMA = YES;
				CLANG_WARN_CONSTANT_CONVERSION = YES;
				CLANG_WARN_DIRECT_OBJC_ISA_USAGE = YES_ERROR;
				CLANG_WARN_DOCUMENTATION_COMMENTS = YES;
				CLANG_WARN_EMPTY_BODY = YES;
				CLANG_WARN_ENUM_CONVERSION = YES;
				CLANG_WARN_INFINITE_RECURSION = YES;
				CLANG_WARN_INT_CONVERSION = YES;
				CLANG_WARN_NON_LITERAL_NULL_CONVERSION = YES;
				CLANG_WARN_OBJC_LITERAL_CONVERSION = YES;
				CLANG_WARN_OBJC_ROOT_CLASS = YES_ERROR;
				CLANG_WARN_RANGE_LOOP_ANALYSIS = YES;
				CLANG_WARN_STRICT_PROTOTYPES = YES;
				CLANG_WARN_SUSPICIOUS_MOVE = YES;
				CLANG_WARN_UNGUARDED_AVAILABILITY = YES_AGGRESSIVE;
				CLANG_WARN_UNREACHABLE_CODE = YES;
				CLANG_WARN__DUPLICATE_METHOD_MATCH = YES;
				CODE_SIGN_IDENTITY = "iPhone Developer";
				COPY_PHASE_STRIP = NO;
				DEBUG_INFORMATION_FORMAT = dwarf;
				ENABLE_STRICT_OBJC_MSGSEND = YES;
				ENABLE_TESTABILITY = YES;
				GCC_C_LANGUAGE_STANDARD = gnu11;
				GCC_DYNAMIC_NO_PIC = NO;
				GCC_NO_COMMON_BLOCKS = YES;
				GCC_OPTIMIZATION_LEVEL = 0;
				GCC_PREPROCESSOR_DEFINITIONS = (
					"DEBUG=1",
					"$(inherited)",
				);
				GCC_WARN_64_TO_32_BIT_CONVERSION = YES;
				GCC_WARN_ABOUT_RETURN_TYPE = YES_ERROR;
				GCC_WARN_UNDECLARED_SELECTOR = YES;
				GCC_WARN_UNINITIALIZED_AUTOS = YES_AGGRESSIVE;
				GCC_WARN_UNUSED_FUNCTION = YES;
				GCC_WARN_UNUSED_VARIABLE = YES;
				IPHONEOS_DEPLOYMENT_TARGET = 11.0;
				MTL_ENABLE_DEBUG_INFO = YES;
				ONLY_ACTIVE_ARCH = YES;
				SDKROOT = iphoneos;
				SWIFT_ACTIVE_COMPILATION_CONDITIONS = DEBUG;
				SWIFT_OPTIMIZATION_LEVEL = "-Onone";
			};
			name = Debug;
		};
		1D69D6B21FA3065D008BAB70 /* Release */ = {
			isa = XCBuildConfiguration;
			buildSettings = {
				ALWAYS_SEARCH_USER_PATHS = NO;
				CLANG_ANALYZER_NONNULL = YES;
				CLANG_ANALYZER_NUMBER_OBJECT_CONVERSION = YES_AGGRESSIVE;
				CLANG_CXX_LANGUAGE_STANDARD = "gnu++14";
				CLANG_CXX_LIBRARY = "libc++";
				CLANG_ENABLE_MODULES = YES;
				CLANG_ENABLE_OBJC_ARC = YES;
				CLANG_WARN_BLOCK_CAPTURE_AUTORELEASING = YES;
				CLANG_WARN_BOOL_CONVERSION = YES;
				CLANG_WARN_COMMA = YES;
				CLANG_WARN_CONSTANT_CONVERSION = YES;
				CLANG_WARN_DIRECT_OBJC_ISA_USAGE = YES_ERROR;
				CLANG_WARN_DOCUMENTATION_COMMENTS = YES;
				CLANG_WARN_EMPTY_BODY = YES;
				CLANG_WARN_ENUM_CONVERSION = YES;
				CLANG_WARN_INFINITE_RECURSION = YES;
				CLANG_WARN_INT_CONVERSION = YES;
				CLANG_WARN_NON_LITERAL_NULL_CONVERSION = YES;
				CLANG_WARN_OBJC_LITERAL_CONVERSION = YES;
				CLANG_WARN_OBJC_ROOT_CLASS = YES_ERROR;
				CLANG_WARN_RANGE_LOOP_ANALYSIS = YES;
				CLANG_WARN_STRICT_PROTOTYPES = YES;
				CLANG_WARN_SUSPICIOUS_MOVE = YES;
				CLANG_WARN_UNGUARDED_AVAILABILITY = YES_AGGRESSIVE;
				CLANG_WARN_UNREACHABLE_CODE = YES;
				CLANG_WARN__DUPLICATE_METHOD_MATCH = YES;
				CODE_SIGN_IDENTITY = "iPhone Developer";
				COPY_PHASE_STRIP = NO;
				DEBUG_INFORMATION_FORMAT = "dwarf-with-dsym";
				ENABLE_NS_ASSERTIONS = NO;
				ENABLE_STRICT_OBJC_MSGSEND = YES;
				GCC_C_LANGUAGE_STANDARD = gnu11;
				GCC_NO_COMMON_BLOCKS = YES;
				GCC_WARN_64_TO_32_BIT_CONVERSION = YES;
				GCC_WARN_ABOUT_RETURN_TYPE = YES_ERROR;
				GCC_WARN_UNDECLARED_SELECTOR = YES;
				GCC_WARN_UNINITIALIZED_AUTOS = YES_AGGRESSIVE;
				GCC_WARN_UNUSED_FUNCTION = YES;
				GCC_WARN_UNUSED_VARIABLE = YES;
				IPHONEOS_DEPLOYMENT_TARGET = 11.0;
				MTL_ENABLE_DEBUG_INFO = NO;
				SDKROOT = iphoneos;
				SWIFT_OPTIMIZATION_LEVEL = "-Owholemodule";
				VALIDATE_PRODUCT = YES;
			};
			name = Release;
		};
		1D69D6B41FA3065D008BAB70 /* Debug */ = {
			isa = XCBuildConfiguration;
			buildSettings = {
				ASSETCATALOG_COMPILER_APPICON_NAME = AppIcon;
				CODE_SIGN_STYLE = Automatic;
				INFOPLIST_FILE = SafeArea/Info.plist;
				LD_RUNPATH_SEARCH_PATHS = "$(inherited) @executable_path/Frameworks";
				PRODUCT_BUNDLE_IDENTIFIER = com.arpatech.SafeArea;
				PRODUCT_NAME = "$(TARGET_NAME)";
				SWIFT_VERSION = 4.0;
				TARGETED_DEVICE_FAMILY = "1,2";
			};
			name = Debug;
		};
		1D69D6B51FA3065D008BAB70 /* Release */ = {
			isa = XCBuildConfiguration;
			buildSettings = {
				ASSETCATALOG_COMPILER_APPICON_NAME = AppIcon;
				CODE_SIGN_STYLE = Automatic;
				INFOPLIST_FILE = SafeArea/Info.plist;
				LD_RUNPATH_SEARCH_PATHS = "$(inherited) @executable_path/Frameworks";
				PRODUCT_BUNDLE_IDENTIFIER = com.arpatech.SafeArea;
				PRODUCT_NAME = "$(TARGET_NAME)";
				SWIFT_VERSION = 4.0;
				TARGETED_DEVICE_FAMILY = "1,2";
			};
			name = Release;
		};
/* End XCBuildConfiguration section */

/* Begin XCConfigurationList section */
		1D69D69C1FA3065D008BAB70 /* Build configuration list for PBXProject "SafeArea" */ = {
			isa = XCConfigurationList;
			buildConfigurations = (
				1D69D6B11FA3065D008BAB70 /* Debug */,
				1D69D6B21FA3065D008BAB70 /* Release */,
			);
			defaultConfigurationIsVisible = 0;
			defaultConfigurationName = Release;
		};
		1D69D6B31FA3065D008BAB70 /* Build configuration list for PBXNativeTarget "SafeArea" */ = {
			isa = XCConfigurationList;
			buildConfigurations = (
				1D69D6B41FA3065D008BAB70 /* Debug */,
				1D69D6B51FA3065D008BAB70 /* Release */,
			);
			defaultConfigurationIsVisible = 0;
			defaultConfigurationName = Release;
		};
/* End XCConfigurationList section */
	};
	rootObject = 1D69D6991FA3065D008BAB70 /* Project object */;
}
